{
  "name": "VegiX_1197",
  "lockfileVersion": 3,
  "requires": true,
  "packages": {
    "": {
      "dependencies": {
        "opencode-ai": "^1.2.14"
      }
    },
    "node_modules/opencode-ai": {
      "version": "1.2.14",
      "resolved": "https://registry.npmjs.org/opencode-ai/-/opencode-ai-1.2.14.tgz",
      "integrity": "sha512-SEhTcQ48v/3WchmxiB3miyF+MuV5YoTnS1prPcQUPfARlpBjuehBvGdy2P7D+4ZLSBJA9EuZdv0mR/zSPtxKhA==",
      "hasInstallScript": true,
      "license": "MIT",
      "bin": {
        "opencode": "bin/opencode"
      },
      "optionalDependencies": {
        "opencode-darwin-arm64": "1.2.14",
        "opencode-darwin-x64": "1.2.14",
        "opencode-linux-arm64": "1.2.14",
        "opencode-linux-arm64-musl": "1.2.14",
        "opencode-linux-x64": "1.2.14",
        "opencode-linux-x64-baseline": "1.2.14",
        "opencode-linux-x64-baseline-musl": "1.2.14",
        "opencode-linux-x64-musl": "1.2.14",
        "opencode-windows-x64": "1.2.14",
        "opencode-windows-x64-baseline": "1.2.14"
      }
    },
    "node_modules/opencode-darwin-arm64": {
      "version": "1.2.14",
      "resolved": "https://registry.npmjs.org/opencode-darwin-arm64/-/opencode-darwin-arm64-1.2.14.tgz",
      "integrity": "sha512-S3Km9JT8n6XhGqAoXuVGhTAviVvd5vD/+dFGsJTW5vKm6Frhv1ioKl1Nkbg78oc9xAcZSBZo+Pq30OENkprdLQ==",
      "cpu": [
        "arm64"
      ],
      "optional": true,
      "os": [
        "darwin"
      ]
    },
    "node_modules/opencode-darwin-x64": {
      "version": "1.2.14",
      "resolved": "https://registry.npmjs.org/opencode-darwin-x64/-/opencode-darwin-x64-1.2.14.tgz",
      "integrity": "sha512-sXUuEsx+gKMk8cmhXMDwIB21HmYiokXHGXCWWl9fTkTI5eL07YeSA+Ziqx2CCwzRDN+qd7mya2aV6cDPet8+lg==",
      "cpu": [
        "x64"
      ],
      "optional": true,
      "os": [
        "darwin"
      ]
    },
    "node_modules/opencode-linux-arm64": {
      "version": "1.2.14",
      "resolved": "https://registry.npmjs.org/opencode-linux-arm64/-/opencode-linux-arm64-1.2.14.tgz",
      "integrity": "sha512-1S7CfJwEWjqN1kO/1KtQD/iRkBShAKSdawV6B/Y96zwyIjHFWWFtK/LQEA69P84rbW9TP/8tfluuRRq2LAW1IQ==",
      "cpu": [
        "arm64"
      ],
      "optional": true,
      "os": [
        "linux"
      ]
    },
    "node_modules/opencode-linux-arm64-musl": {
      "version": "1.2.14",
      "resolved": "https://registry.npmjs.org/opencode-linux-arm64-musl/-/opencode-linux-arm64-musl-1.2.14.tgz",
      "integrity": "sha512-Y2PrsGNihcuZVZc7jt4GZKbHjJS9tAlwHe/HNVkTLiAAN+zT1ZlkmABNgYpRsAlAFMJJdsyk3igm0H/KN4HsNA==",
      "cpu": [
        "arm64"
      ],
      "optional": true,
      "os": [
        "linux"
      ]
    },
    "node_modules/opencode-linux-x64": {
      "version": "1.2.14",
      "resolved": "https://registry.npmjs.org/opencode-linux-x64/-/opencode-linux-x64-1.2.14.tgz",
      "integrity": "sha512-IwPmabXivEFKnauMw10tYqHaFRgteZTh9QTp4hNeLSDrbZTXFX2duY5f+DV3Y3zYIxd49nkOLLC5oZtMJ/rjLw==",
      "cpu": [
        "x64"
      ],
      "optional": true,
      "os": [
        "linux"
      ]
    },
    "node_modules/opencode-linux-x64-baseline": {
      "version": "1.2.14",
      "resolved": "https://registry.npmjs.org/opencode-linux-x64-baseline/-/opencode-linux-x64-baseline-1.2.14.tgz",
      "integrity": "sha512-mV49KZahPdDwgd3YgIsy/rMPj3j+lX7jxBCm7rU7BeFI85GZCwt4IRk12D25OG9Qk5uGqn4cOYBXi6H4/cgorg==",
      "cpu": [
        "x64"
      ],
      "optional": true,
      "os": [
        "linux"
      ]
    },
    "node_modules/opencode-linux-x64-baseline-musl": {
      "version": "1.2.14",
      "resolved": "https://registry.npmjs.org/opencode-linux-x64-baseline-musl/-/opencode-linux-x64-baseline-musl-1.2.14.tgz",
      "integrity": "sha512-bnEYbBaZtHyeTX4I013qVKR9hdhZjdrL33nJnk87zTqnByXDof9q74Z+JY3EuambDpFDmk0lrXFRrp3UzB9CgQ==",
      "cpu": [
        "x64"
      ],
      "optional": true,
      "os": [
        "linux"
      ]
    },
    "node_modules/opencode-linux-x64-musl": {
      "version": "1.2.14",
      "resolved": "https://registry.npmjs.org/opencode-linux-x64-musl/-/opencode-linux-x64-musl-1.2.14.tgz",
      "integrity": "sha512-SyKsfSdjgU7JmLVavR396f8MJwNWS5JzyGViARaVl4j0SnqiAWoNXgmKu+GvS7A22dwNPw1s7tmhGRX6De60cg==",
      "cpu": [
        "x64"
      ],
      "optional": true,
      "os": [
        "linux"
      ]
    },
    "node_modules/opencode-windows-x64": {
      "version": "1.2.14",
      "resolved": "https://registry.npmjs.org/opencode-windows-x64/-/opencode-windows-x64-1.2.14.tgz",
      "integrity": "sha512-T29EaDom6ayuoSqqhdbfGHsuvBW6t5vgM3ZGaiOgKK2LJMuxYjDhLO9sw6Oz5jlbNZeNH4iA5nTRuKl6iLpinA==",
      "cpu": [
        "x64"
      ],
      "optional": true,
      "os": [
        "win32"
      ]
    },
    "node_modules/opencode-windows-x64-baseline": {
      "version": "1.2.14",
      "resolved": "https://registry.npmjs.org/opencode-windows-x64-baseline/-/opencode-windows-x64-baseline-1.2.14.tgz",
      "integrity": "sha512-4keZbDGeGZYthvfFbtAfyyDGiKG4KWmvD8syCS/Zu0Rc1LeWgt/ymd2NxPvZDm5Wr1WPt6amZUyK1RHrAMet1g==",
      "cpu": [
        "x64"
      ],
      "optional": true,
      "os": [
        "win32"
      ]
    }
  }
}
